
Microsoft Visual Studio Solution File, Format Version 12.00
# Visual Studio Version 16
VisualStudioVersion = 16.0.31911.196
MinimumVisualStudioVersion = 10.0.40219.1
Project("{FAE04EC0-301F-11D3-BF4B-00C04F79EFBC}") = "ITMO.CSCourse.Lab_1", "ITMO.CSCourse.Lab_1\ITMO.CSCourse.Lab_1.csproj", "{F29DAB93-097D-4553-B0F7-237AC706469C}"
EndProject
Project("{FAE04EC0-301F-11D3-BF4B-00C04F79EFBC}") = "Lab_2", "Lab_2\Lab_2.csproj", "{30D97745-32F3-4AE6-8035-2C0D3DE91D97}"
EndProject
Project("{FAE04EC0-301F-11D3-BF4B-00C04F79EFBC}") = "Lab_4", "Lab_4\Lab_4.csproj", "{1824F1A7-C72E-420D-A45C-AB765294FB1F}"
EndProject
Project("{FAE04EC0-301F-11D3-BF4B-00C04F79EFBC}") = "Lab_5-1", "Lab_5-1\Lab_5-1.csproj", "{A2036A44-EAA2-4BC3-BD85-33AF03865899}"
EndProject
Global
	GlobalSection(SolutionConfigurationPlatforms) = preSolution
		Debug|Any CPU = Debug|Any CPU
		Release|Any CPU = Release|Any CPU
	EndGlobalSection
	GlobalSection(ProjectConfigurationPlatforms) = postSolution
		{F29DAB93-097D-4553-B0F7-237AC706469C}.Debug|Any CPU.ActiveCfg = Debug|Any CPU
		{F29DAB93-097D-4553-B0F7-237AC706469C}.Debug|Any CPU.Build.0 = Debug|Any CPU
		{F29DAB93-097D-4553-B0F7-237AC706469C}.Release|Any CPU.ActiveCfg = Release|Any CPU
		{F29DAB93-097D-4553-B0F7-237AC706469C}.Release|Any CPU.Build.0 = Release|Any CPU
		{30D97745-32F3-4AE6-8035-2C0D3DE91D97}.Debug|Any CPU.ActiveCfg = Debug|Any CPU
		{30D97745-32F3-4AE6-8035-2C0D3DE91D97}.Debug|Any CPU.Build.0 = Debug|Any CPU
		{30D97745-32F3-4AE6-8035-2C0D3DE91D97}.Release|Any CPU.ActiveCfg = Release|Any CPU
		{30D97745-32F3-4AE6-8035-2C0D3DE91D97}.Release|Any CPU.Build.0 = Release|Any CPU
		{1824F1A7-C72E-420D-A45C-AB765294FB1F}.Debug|Any CPU.ActiveCfg = Debug|Any CPU
		{1824F1A7-C72E-420D-A45C-AB765294FB1F}.Debug|Any CPU.Build.0 = Debug|Any CPU
		{1824F1A7-C72E-420D-A45C-AB765294FB1F}.Release|Any CPU.ActiveCfg = Release|Any CPU
		{1824F1A7-C72E-420D-A45C-AB765294FB1F}.Release|Any CPU.Build.0 = Release|Any CPU
		{A2036A44-EAA2-4BC3-BD85-33AF03865899}.Debug|Any CPU.ActiveCfg = Debug|Any CPU
		{A2036A44-EAA2-4BC3-BD85-33AF03865899}.Debug|Any CPU.Build.0 = Debug|Any CPU
		{A2036A44-EAA2-4BC3-BD85-33AF03865899}.Release|Any CPU.ActiveCfg = Release|Any CPU
		{A2036A44-EAA2-4BC3-BD85-33AF03865899}.Release|Any CPU.Build.0 = Release|Any CPU
	EndGlobalSection
	GlobalSection(SolutionProperties) = preSolution
		HideSolutionNode = FALSE
	EndGlobalSection
	GlobalSection(ExtensibilityGlobals) = postSolution
		SolutionGuid = {25C76DAA-DD9E-46FB-9659-1DCECC4A8CE9}
	EndGlobalSection
EndGlobal
