
Microsoft Visual Studio Solution File, Format Version 12.00
# Visual Studio Version 16
VisualStudioVersion = 16.0.31911.196
MinimumVisualStudioVersion = 10.0.40219.1
Project("{FAE04EC0-301F-11D3-BF4B-00C04F79EFBC}") = "ITMO.CSCourse.Lab_1", "ITMO.CSCourse.Lab_1\ITMO.CSCourse.Lab_1.csproj", "{F29DAB93-097D-4553-B0F7-237AC706469C}"
EndProject
Project("{FAE04EC0-301F-11D3-BF4B-00C04F79EFBC}") = "Lab_2", "Lab_2\Lab_2.csproj", "{30D97745-32F3-4AE6-8035-2C0D3DE91D97}"
EndProject
Project("{FAE04EC0-301F-11D3-BF4B-00C04F79EFBC}") = "Lab_5-1", "Lab_5-1\Lab_5-1.csproj", "{A2036A44-EAA2-4BC3-BD85-33AF03865899}"
EndProject
Project("{FAE04EC0-301F-11D3-BF4B-00C04F79EFBC}") = "Lab_5-2", "Lab_5-2\Lab_5-2.csproj", "{21917095-3AD2-4D02-A76E-17D493395516}"
EndProject
Project("{FAE04EC0-301F-11D3-BF4B-00C04F79EFBC}") = "WinQuestion", "WinQuestion\WinQuestion.csproj", "{D42879B4-4B13-487B-B0B5-09491E046BED}"
EndProject
Project("{FAE04EC0-301F-11D3-BF4B-00C04F79EFBC}") = "TestList", "TestList\TestList.csproj", "{1AA39F38-56DE-406B-989E-541C1C30E552}"
EndProject
Project("{FAE04EC0-301F-11D3-BF4B-00C04F79EFBC}") = "MdiApplication", "MdiApplication\MdiApplication.csproj", "{CEB34C3E-0872-4AEC-8DC5-0F56044A88F8}"
EndProject
Project("{FAE04EC0-301F-11D3-BF4B-00C04F79EFBC}") = "WinContainer", "WinContainer\WinContainer.csproj", "{455A3E8B-CB4C-4889-A46E-4FB1C39680D6}"
EndProject
Project("{FAE04EC0-301F-11D3-BF4B-00C04F79EFBC}") = "BiblWorm", "BiblWorm\BiblWorm.csproj", "{5A7A399A-84D4-4F7C-9580-39B0157AF63A}"
EndProject
Project("{FAE04EC0-301F-11D3-BF4B-00C04F79EFBC}") = "RegistrationForm", "RegistrationForm\RegistrationForm.csproj", "{844B4C6A-1F3C-498E-ADA9-C824464165DF}"
EndProject
Project("{FAE04EC0-301F-11D3-BF4B-00C04F79EFBC}") = "practice", "..\ITMO.CSCourse.Lab_3\practice\practice.csproj", "{11D66DA1-8F40-4253-A0C9-4D8A9EBC4D10}"
EndProject
Project("{FAE04EC0-301F-11D3-BF4B-00C04F79EFBC}") = "controlExercise_3-4", "..\ITMO.CSCourse.Lab_3\controlExercise_3-4\controlExercise_3-4.csproj", "{A81E081C-DBFE-4946-B0CE-4D66ED4AAE68}"
EndProject
Project("{FAE04EC0-301F-11D3-BF4B-00C04F79EFBC}") = "WinTimer1", "..\ITMO.CSCourse.Lab_3\ITMO.CSCourse.Lab_3.exercise_1\WinTimer1.csproj", "{3E3D6345-6C5A-4B75-BA8A-1DD9A5522E45}"
EndProject
Project("{FAE04EC0-301F-11D3-BF4B-00C04F79EFBC}") = "WinButNum", "..\ITMO.CSCourse.Lab_3\WinButNum\WinButNum.csproj", "{9A198C6F-D34C-4DE5-821A-3F2ABB6F1782}"
EndProject
Project("{FAE04EC0-301F-11D3-BF4B-00C04F79EFBC}") = "WindowsFormsControlLibrary1", "..\ITMO.CSCourse.Lab_3\WindowsFormsControlLibrary1\WindowsFormsControlLibrary1.csproj", "{A56160A1-FE99-4630-B63F-F91E0AC66908}"
EndProject
Project("{FAE04EC0-301F-11D3-BF4B-00C04F79EFBC}") = "WinTimer2", "..\ITMO.CSCourse.Lab_3\WinTimer2\WinTimer2.csproj", "{798156F5-9F63-407D-88FA-2CBEE4E8DC62}"
EndProject
Project("{FAE04EC0-301F-11D3-BF4B-00C04F79EFBC}") = "WpfHello", "WpfHello\WpfHello.csproj", "{2E4FF437-31A8-45EA-8DC0-1FD1DEE55EB1}"
EndProject
Project("{FAE04EC0-301F-11D3-BF4B-00C04F79EFBC}") = "WpfHelloNav", "WpfHelloNav\WpfHelloNav.csproj", "{46DF6503-59F7-4BFB-AE8A-8EA1274F4059}"
EndProject
Project("{FAE04EC0-301F-11D3-BF4B-00C04F79EFBC}") = "controlTask_done", "controlTask_done\controlTask_done.csproj", "{971DE9CC-4223-406D-A8A2-9849E0D16078}"
EndProject
Project("{FAE04EC0-301F-11D3-BF4B-00C04F79EFBC}") = "WpfRoutedEvent_2_1", "WpfRoutedEvent_2_1\WpfRoutedEvent_2_1.csproj", "{4C993ACE-4B9C-4D76-994D-EFE7B9D2EE43}"
EndProject
Global
	GlobalSection(SolutionConfigurationPlatforms) = preSolution
		Debug|Any CPU = Debug|Any CPU
		Debug|x86 = Debug|x86
		Release|Any CPU = Release|Any CPU
		Release|x86 = Release|x86
	EndGlobalSection
	GlobalSection(ProjectConfigurationPlatforms) = postSolution
		{F29DAB93-097D-4553-B0F7-237AC706469C}.Debug|Any CPU.ActiveCfg = Debug|Any CPU
		{F29DAB93-097D-4553-B0F7-237AC706469C}.Debug|Any CPU.Build.0 = Debug|Any CPU
		{F29DAB93-097D-4553-B0F7-237AC706469C}.Debug|x86.ActiveCfg = Debug|Any CPU
		{F29DAB93-097D-4553-B0F7-237AC706469C}.Debug|x86.Build.0 = Debug|Any CPU
		{F29DAB93-097D-4553-B0F7-237AC706469C}.Release|Any CPU.ActiveCfg = Release|Any CPU
		{F29DAB93-097D-4553-B0F7-237AC706469C}.Release|Any CPU.Build.0 = Release|Any CPU
		{F29DAB93-097D-4553-B0F7-237AC706469C}.Release|x86.ActiveCfg = Release|Any CPU
		{F29DAB93-097D-4553-B0F7-237AC706469C}.Release|x86.Build.0 = Release|Any CPU
		{30D97745-32F3-4AE6-8035-2C0D3DE91D97}.Debug|Any CPU.ActiveCfg = Debug|Any CPU
		{30D97745-32F3-4AE6-8035-2C0D3DE91D97}.Debug|Any CPU.Build.0 = Debug|Any CPU
		{30D97745-32F3-4AE6-8035-2C0D3DE91D97}.Debug|x86.ActiveCfg = Debug|Any CPU
		{30D97745-32F3-4AE6-8035-2C0D3DE91D97}.Debug|x86.Build.0 = Debug|Any CPU
		{30D97745-32F3-4AE6-8035-2C0D3DE91D97}.Release|Any CPU.ActiveCfg = Release|Any CPU
		{30D97745-32F3-4AE6-8035-2C0D3DE91D97}.Release|Any CPU.Build.0 = Release|Any CPU
		{30D97745-32F3-4AE6-8035-2C0D3DE91D97}.Release|x86.ActiveCfg = Release|Any CPU
		{30D97745-32F3-4AE6-8035-2C0D3DE91D97}.Release|x86.Build.0 = Release|Any CPU
		{A2036A44-EAA2-4BC3-BD85-33AF03865899}.Debug|Any CPU.ActiveCfg = Debug|Any CPU
		{A2036A44-EAA2-4BC3-BD85-33AF03865899}.Debug|Any CPU.Build.0 = Debug|Any CPU
		{A2036A44-EAA2-4BC3-BD85-33AF03865899}.Debug|x86.ActiveCfg = Debug|Any CPU
		{A2036A44-EAA2-4BC3-BD85-33AF03865899}.Debug|x86.Build.0 = Debug|Any CPU
		{A2036A44-EAA2-4BC3-BD85-33AF03865899}.Release|Any CPU.ActiveCfg = Release|Any CPU
		{A2036A44-EAA2-4BC3-BD85-33AF03865899}.Release|Any CPU.Build.0 = Release|Any CPU
		{A2036A44-EAA2-4BC3-BD85-33AF03865899}.Release|x86.ActiveCfg = Release|Any CPU
		{A2036A44-EAA2-4BC3-BD85-33AF03865899}.Release|x86.Build.0 = Release|Any CPU
		{21917095-3AD2-4D02-A76E-17D493395516}.Debug|Any CPU.ActiveCfg = Debug|Any CPU
		{21917095-3AD2-4D02-A76E-17D493395516}.Debug|Any CPU.Build.0 = Debug|Any CPU
		{21917095-3AD2-4D02-A76E-17D493395516}.Debug|x86.ActiveCfg = Debug|Any CPU
		{21917095-3AD2-4D02-A76E-17D493395516}.Debug|x86.Build.0 = Debug|Any CPU
		{21917095-3AD2-4D02-A76E-17D493395516}.Release|Any CPU.ActiveCfg = Release|Any CPU
		{21917095-3AD2-4D02-A76E-17D493395516}.Release|Any CPU.Build.0 = Release|Any CPU
		{21917095-3AD2-4D02-A76E-17D493395516}.Release|x86.ActiveCfg = Release|Any CPU
		{21917095-3AD2-4D02-A76E-17D493395516}.Release|x86.Build.0 = Release|Any CPU
		{D42879B4-4B13-487B-B0B5-09491E046BED}.Debug|Any CPU.ActiveCfg = Debug|Any CPU
		{D42879B4-4B13-487B-B0B5-09491E046BED}.Debug|Any CPU.Build.0 = Debug|Any CPU
		{D42879B4-4B13-487B-B0B5-09491E046BED}.Debug|x86.ActiveCfg = Debug|Any CPU
		{D42879B4-4B13-487B-B0B5-09491E046BED}.Debug|x86.Build.0 = Debug|Any CPU
		{D42879B4-4B13-487B-B0B5-09491E046BED}.Release|Any CPU.ActiveCfg = Release|Any CPU
		{D42879B4-4B13-487B-B0B5-09491E046BED}.Release|Any CPU.Build.0 = Release|Any CPU
		{D42879B4-4B13-487B-B0B5-09491E046BED}.Release|x86.ActiveCfg = Release|Any CPU
		{D42879B4-4B13-487B-B0B5-09491E046BED}.Release|x86.Build.0 = Release|Any CPU
		{1AA39F38-56DE-406B-989E-541C1C30E552}.Debug|Any CPU.ActiveCfg = Debug|Any CPU
		{1AA39F38-56DE-406B-989E-541C1C30E552}.Debug|Any CPU.Build.0 = Debug|Any CPU
		{1AA39F38-56DE-406B-989E-541C1C30E552}.Debug|x86.ActiveCfg = Debug|Any CPU
		{1AA39F38-56DE-406B-989E-541C1C30E552}.Debug|x86.Build.0 = Debug|Any CPU
		{1AA39F38-56DE-406B-989E-541C1C30E552}.Release|Any CPU.ActiveCfg = Release|Any CPU
		{1AA39F38-56DE-406B-989E-541C1C30E552}.Release|Any CPU.Build.0 = Release|Any CPU
		{1AA39F38-56DE-406B-989E-541C1C30E552}.Release|x86.ActiveCfg = Release|Any CPU
		{1AA39F38-56DE-406B-989E-541C1C30E552}.Release|x86.Build.0 = Release|Any CPU
		{CEB34C3E-0872-4AEC-8DC5-0F56044A88F8}.Debug|Any CPU.ActiveCfg = Debug|Any CPU
		{CEB34C3E-0872-4AEC-8DC5-0F56044A88F8}.Debug|Any CPU.Build.0 = Debug|Any CPU
		{CEB34C3E-0872-4AEC-8DC5-0F56044A88F8}.Debug|x86.ActiveCfg = Debug|Any CPU
		{CEB34C3E-0872-4AEC-8DC5-0F56044A88F8}.Debug|x86.Build.0 = Debug|Any CPU
		{CEB34C3E-0872-4AEC-8DC5-0F56044A88F8}.Release|Any CPU.ActiveCfg = Release|Any CPU
		{CEB34C3E-0872-4AEC-8DC5-0F56044A88F8}.Release|Any CPU.Build.0 = Release|Any CPU
		{CEB34C3E-0872-4AEC-8DC5-0F56044A88F8}.Release|x86.ActiveCfg = Release|Any CPU
		{CEB34C3E-0872-4AEC-8DC5-0F56044A88F8}.Release|x86.Build.0 = Release|Any CPU
		{455A3E8B-CB4C-4889-A46E-4FB1C39680D6}.Debug|Any CPU.ActiveCfg = Debug|Any CPU
		{455A3E8B-CB4C-4889-A46E-4FB1C39680D6}.Debug|Any CPU.Build.0 = Debug|Any CPU
		{455A3E8B-CB4C-4889-A46E-4FB1C39680D6}.Debug|x86.ActiveCfg = Debug|Any CPU
		{455A3E8B-CB4C-4889-A46E-4FB1C39680D6}.Debug|x86.Build.0 = Debug|Any CPU
		{455A3E8B-CB4C-4889-A46E-4FB1C39680D6}.Release|Any CPU.ActiveCfg = Release|Any CPU
		{455A3E8B-CB4C-4889-A46E-4FB1C39680D6}.Release|Any CPU.Build.0 = Release|Any CPU
		{455A3E8B-CB4C-4889-A46E-4FB1C39680D6}.Release|x86.ActiveCfg = Release|Any CPU
		{455A3E8B-CB4C-4889-A46E-4FB1C39680D6}.Release|x86.Build.0 = Release|Any CPU
		{5A7A399A-84D4-4F7C-9580-39B0157AF63A}.Debug|Any CPU.ActiveCfg = Debug|Any CPU
		{5A7A399A-84D4-4F7C-9580-39B0157AF63A}.Debug|Any CPU.Build.0 = Debug|Any CPU
		{5A7A399A-84D4-4F7C-9580-39B0157AF63A}.Debug|x86.ActiveCfg = Debug|Any CPU
		{5A7A399A-84D4-4F7C-9580-39B0157AF63A}.Debug|x86.Build.0 = Debug|Any CPU
		{5A7A399A-84D4-4F7C-9580-39B0157AF63A}.Release|Any CPU.ActiveCfg = Release|Any CPU
		{5A7A399A-84D4-4F7C-9580-39B0157AF63A}.Release|Any CPU.Build.0 = Release|Any CPU
		{5A7A399A-84D4-4F7C-9580-39B0157AF63A}.Release|x86.ActiveCfg = Release|Any CPU
		{5A7A399A-84D4-4F7C-9580-39B0157AF63A}.Release|x86.Build.0 = Release|Any CPU
		{844B4C6A-1F3C-498E-ADA9-C824464165DF}.Debug|Any CPU.ActiveCfg = Debug|Any CPU
		{844B4C6A-1F3C-498E-ADA9-C824464165DF}.Debug|Any CPU.Build.0 = Debug|Any CPU
		{844B4C6A-1F3C-498E-ADA9-C824464165DF}.Debug|x86.ActiveCfg = Debug|Any CPU
		{844B4C6A-1F3C-498E-ADA9-C824464165DF}.Debug|x86.Build.0 = Debug|Any CPU
		{844B4C6A-1F3C-498E-ADA9-C824464165DF}.Release|Any CPU.ActiveCfg = Release|Any CPU
		{844B4C6A-1F3C-498E-ADA9-C824464165DF}.Release|Any CPU.Build.0 = Release|Any CPU
		{844B4C6A-1F3C-498E-ADA9-C824464165DF}.Release|x86.ActiveCfg = Release|Any CPU
		{844B4C6A-1F3C-498E-ADA9-C824464165DF}.Release|x86.Build.0 = Release|Any CPU
		{11D66DA1-8F40-4253-A0C9-4D8A9EBC4D10}.Debug|Any CPU.ActiveCfg = Debug|Any CPU
		{11D66DA1-8F40-4253-A0C9-4D8A9EBC4D10}.Debug|Any CPU.Build.0 = Debug|Any CPU
		{11D66DA1-8F40-4253-A0C9-4D8A9EBC4D10}.Debug|x86.ActiveCfg = Debug|Any CPU
		{11D66DA1-8F40-4253-A0C9-4D8A9EBC4D10}.Debug|x86.Build.0 = Debug|Any CPU
		{11D66DA1-8F40-4253-A0C9-4D8A9EBC4D10}.Release|Any CPU.ActiveCfg = Release|Any CPU
		{11D66DA1-8F40-4253-A0C9-4D8A9EBC4D10}.Release|Any CPU.Build.0 = Release|Any CPU
		{11D66DA1-8F40-4253-A0C9-4D8A9EBC4D10}.Release|x86.ActiveCfg = Release|Any CPU
		{11D66DA1-8F40-4253-A0C9-4D8A9EBC4D10}.Release|x86.Build.0 = Release|Any CPU
		{A81E081C-DBFE-4946-B0CE-4D66ED4AAE68}.Debug|Any CPU.ActiveCfg = Debug|Any CPU
		{A81E081C-DBFE-4946-B0CE-4D66ED4AAE68}.Debug|Any CPU.Build.0 = Debug|Any CPU
		{A81E081C-DBFE-4946-B0CE-4D66ED4AAE68}.Debug|x86.ActiveCfg = Debug|Any CPU
		{A81E081C-DBFE-4946-B0CE-4D66ED4AAE68}.Debug|x86.Build.0 = Debug|Any CPU
		{A81E081C-DBFE-4946-B0CE-4D66ED4AAE68}.Release|Any CPU.ActiveCfg = Release|Any CPU
		{A81E081C-DBFE-4946-B0CE-4D66ED4AAE68}.Release|Any CPU.Build.0 = Release|Any CPU
		{A81E081C-DBFE-4946-B0CE-4D66ED4AAE68}.Release|x86.ActiveCfg = Release|Any CPU
		{A81E081C-DBFE-4946-B0CE-4D66ED4AAE68}.Release|x86.Build.0 = Release|Any CPU
		{3E3D6345-6C5A-4B75-BA8A-1DD9A5522E45}.Debug|Any CPU.ActiveCfg = Debug|Any CPU
		{3E3D6345-6C5A-4B75-BA8A-1DD9A5522E45}.Debug|Any CPU.Build.0 = Debug|Any CPU
		{3E3D6345-6C5A-4B75-BA8A-1DD9A5522E45}.Debug|x86.ActiveCfg = Debug|Any CPU
		{3E3D6345-6C5A-4B75-BA8A-1DD9A5522E45}.Debug|x86.Build.0 = Debug|Any CPU
		{3E3D6345-6C5A-4B75-BA8A-1DD9A5522E45}.Release|Any CPU.ActiveCfg = Release|Any CPU
		{3E3D6345-6C5A-4B75-BA8A-1DD9A5522E45}.Release|Any CPU.Build.0 = Release|Any CPU
		{3E3D6345-6C5A-4B75-BA8A-1DD9A5522E45}.Release|x86.ActiveCfg = Release|Any CPU
		{3E3D6345-6C5A-4B75-BA8A-1DD9A5522E45}.Release|x86.Build.0 = Release|Any CPU
		{9A198C6F-D34C-4DE5-821A-3F2ABB6F1782}.Debug|Any CPU.ActiveCfg = Debug|Any CPU
		{9A198C6F-D34C-4DE5-821A-3F2ABB6F1782}.Debug|Any CPU.Build.0 = Debug|Any CPU
		{9A198C6F-D34C-4DE5-821A-3F2ABB6F1782}.Debug|x86.ActiveCfg = Debug|Any CPU
		{9A198C6F-D34C-4DE5-821A-3F2ABB6F1782}.Debug|x86.Build.0 = Debug|Any CPU
		{9A198C6F-D34C-4DE5-821A-3F2ABB6F1782}.Release|Any CPU.ActiveCfg = Release|Any CPU
		{9A198C6F-D34C-4DE5-821A-3F2ABB6F1782}.Release|Any CPU.Build.0 = Release|Any CPU
		{9A198C6F-D34C-4DE5-821A-3F2ABB6F1782}.Release|x86.ActiveCfg = Release|Any CPU
		{9A198C6F-D34C-4DE5-821A-3F2ABB6F1782}.Release|x86.Build.0 = Release|Any CPU
		{A56160A1-FE99-4630-B63F-F91E0AC66908}.Debug|Any CPU.ActiveCfg = Debug|Any CPU
		{A56160A1-FE99-4630-B63F-F91E0AC66908}.Debug|Any CPU.Build.0 = Debug|Any CPU
		{A56160A1-FE99-4630-B63F-F91E0AC66908}.Debug|x86.ActiveCfg = Debug|Any CPU
		{A56160A1-FE99-4630-B63F-F91E0AC66908}.Debug|x86.Build.0 = Debug|Any CPU
		{A56160A1-FE99-4630-B63F-F91E0AC66908}.Release|Any CPU.ActiveCfg = Release|Any CPU
		{A56160A1-FE99-4630-B63F-F91E0AC66908}.Release|Any CPU.Build.0 = Release|Any CPU
		{A56160A1-FE99-4630-B63F-F91E0AC66908}.Release|x86.ActiveCfg = Release|Any CPU
		{A56160A1-FE99-4630-B63F-F91E0AC66908}.Release|x86.Build.0 = Release|Any CPU
		{798156F5-9F63-407D-88FA-2CBEE4E8DC62}.Debug|Any CPU.ActiveCfg = Debug|Any CPU
		{798156F5-9F63-407D-88FA-2CBEE4E8DC62}.Debug|Any CPU.Build.0 = Debug|Any CPU
		{798156F5-9F63-407D-88FA-2CBEE4E8DC62}.Debug|x86.ActiveCfg = Debug|Any CPU
		{798156F5-9F63-407D-88FA-2CBEE4E8DC62}.Debug|x86.Build.0 = Debug|Any CPU
		{798156F5-9F63-407D-88FA-2CBEE4E8DC62}.Release|Any CPU.ActiveCfg = Release|Any CPU
		{798156F5-9F63-407D-88FA-2CBEE4E8DC62}.Release|Any CPU.Build.0 = Release|Any CPU
		{798156F5-9F63-407D-88FA-2CBEE4E8DC62}.Release|x86.ActiveCfg = Release|Any CPU
		{798156F5-9F63-407D-88FA-2CBEE4E8DC62}.Release|x86.Build.0 = Release|Any CPU
		{2E4FF437-31A8-45EA-8DC0-1FD1DEE55EB1}.Debug|Any CPU.ActiveCfg = Debug|Any CPU
		{2E4FF437-31A8-45EA-8DC0-1FD1DEE55EB1}.Debug|Any CPU.Build.0 = Debug|Any CPU
		{2E4FF437-31A8-45EA-8DC0-1FD1DEE55EB1}.Debug|x86.ActiveCfg = Debug|Any CPU
		{2E4FF437-31A8-45EA-8DC0-1FD1DEE55EB1}.Debug|x86.Build.0 = Debug|Any CPU
		{2E4FF437-31A8-45EA-8DC0-1FD1DEE55EB1}.Release|Any CPU.ActiveCfg = Release|Any CPU
		{2E4FF437-31A8-45EA-8DC0-1FD1DEE55EB1}.Release|Any CPU.Build.0 = Release|Any CPU
		{2E4FF437-31A8-45EA-8DC0-1FD1DEE55EB1}.Release|x86.ActiveCfg = Release|Any CPU
		{2E4FF437-31A8-45EA-8DC0-1FD1DEE55EB1}.Release|x86.Build.0 = Release|Any CPU
		{46DF6503-59F7-4BFB-AE8A-8EA1274F4059}.Debug|Any CPU.ActiveCfg = Debug|Any CPU
		{46DF6503-59F7-4BFB-AE8A-8EA1274F4059}.Debug|Any CPU.Build.0 = Debug|Any CPU
		{46DF6503-59F7-4BFB-AE8A-8EA1274F4059}.Debug|x86.ActiveCfg = Debug|Any CPU
		{46DF6503-59F7-4BFB-AE8A-8EA1274F4059}.Debug|x86.Build.0 = Debug|Any CPU
		{46DF6503-59F7-4BFB-AE8A-8EA1274F4059}.Release|Any CPU.ActiveCfg = Release|Any CPU
		{46DF6503-59F7-4BFB-AE8A-8EA1274F4059}.Release|Any CPU.Build.0 = Release|Any CPU
		{46DF6503-59F7-4BFB-AE8A-8EA1274F4059}.Release|x86.ActiveCfg = Release|Any CPU
		{46DF6503-59F7-4BFB-AE8A-8EA1274F4059}.Release|x86.Build.0 = Release|Any CPU
		{971DE9CC-4223-406D-A8A2-9849E0D16078}.Debug|Any CPU.ActiveCfg = Debug|Any CPU
		{971DE9CC-4223-406D-A8A2-9849E0D16078}.Debug|Any CPU.Build.0 = Debug|Any CPU
		{971DE9CC-4223-406D-A8A2-9849E0D16078}.Debug|x86.ActiveCfg = Debug|Any CPU
		{971DE9CC-4223-406D-A8A2-9849E0D16078}.Debug|x86.Build.0 = Debug|Any CPU
		{971DE9CC-4223-406D-A8A2-9849E0D16078}.Release|Any CPU.ActiveCfg = Release|Any CPU
		{971DE9CC-4223-406D-A8A2-9849E0D16078}.Release|Any CPU.Build.0 = Release|Any CPU
		{971DE9CC-4223-406D-A8A2-9849E0D16078}.Release|x86.ActiveCfg = Release|Any CPU
		{971DE9CC-4223-406D-A8A2-9849E0D16078}.Release|x86.Build.0 = Release|Any CPU
		{4C993ACE-4B9C-4D76-994D-EFE7B9D2EE43}.Debug|Any CPU.ActiveCfg = Debug|Any CPU
		{4C993ACE-4B9C-4D76-994D-EFE7B9D2EE43}.Debug|Any CPU.Build.0 = Debug|Any CPU
		{4C993ACE-4B9C-4D76-994D-EFE7B9D2EE43}.Debug|x86.ActiveCfg = Debug|Any CPU
		{4C993ACE-4B9C-4D76-994D-EFE7B9D2EE43}.Debug|x86.Build.0 = Debug|Any CPU
		{4C993ACE-4B9C-4D76-994D-EFE7B9D2EE43}.Release|Any CPU.ActiveCfg = Release|Any CPU
		{4C993ACE-4B9C-4D76-994D-EFE7B9D2EE43}.Release|Any CPU.Build.0 = Release|Any CPU
		{4C993ACE-4B9C-4D76-994D-EFE7B9D2EE43}.Release|x86.ActiveCfg = Release|Any CPU
		{4C993ACE-4B9C-4D76-994D-EFE7B9D2EE43}.Release|x86.Build.0 = Release|Any CPU
	EndGlobalSection
	GlobalSection(SolutionProperties) = preSolution
		HideSolutionNode = FALSE
	EndGlobalSection
	GlobalSection(ExtensibilityGlobals) = postSolution
		SolutionGuid = {25C76DAA-DD9E-46FB-9659-1DCECC4A8CE9}
	EndGlobalSection
EndGlobal
