
Microsoft Visual Studio Solution File, Format Version 12.00
# Visual Studio Version 17
VisualStudioVersion = 17.0.32014.148
MinimumVisualStudioVersion = 10.0.40219.1
Project("{FAE04EC0-301F-11D3-BF4B-00C04F79EFBC}") = "ITMO.CSCourse.Lab_1", "ITMO.CSCourse.Lab_1\ITMO.CSCourse.Lab_1.csproj", "{F29DAB93-097D-4553-B0F7-237AC706469C}"
EndProject
Project("{FAE04EC0-301F-11D3-BF4B-00C04F79EFBC}") = "Lab_2", "Lab_2\Lab_2.csproj", "{30D97745-32F3-4AE6-8035-2C0D3DE91D97}"
EndProject
Project("{FAE04EC0-301F-11D3-BF4B-00C04F79EFBC}") = "Lab_5-1", "Lab_5-1\Lab_5-1.csproj", "{A2036A44-EAA2-4BC3-BD85-33AF03865899}"
EndProject
Project("{FAE04EC0-301F-11D3-BF4B-00C04F79EFBC}") = "Lab_5-2", "Lab_5-2\Lab_5-2.csproj", "{21917095-3AD2-4D02-A76E-17D493395516}"
EndProject
Project("{FAE04EC0-301F-11D3-BF4B-00C04F79EFBC}") = "WinQuestion", "WinQuestion\WinQuestion.csproj", "{D42879B4-4B13-487B-B0B5-09491E046BED}"
EndProject
Project("{FAE04EC0-301F-11D3-BF4B-00C04F79EFBC}") = "TestList", "TestList\TestList.csproj", "{1AA39F38-56DE-406B-989E-541C1C30E552}"
EndProject
Project("{FAE04EC0-301F-11D3-BF4B-00C04F79EFBC}") = "MdiApplication", "MdiApplication\MdiApplication.csproj", "{CEB34C3E-0872-4AEC-8DC5-0F56044A88F8}"
EndProject
Project("{FAE04EC0-301F-11D3-BF4B-00C04F79EFBC}") = "WinContainer", "WinContainer\WinContainer.csproj", "{455A3E8B-CB4C-4889-A46E-4FB1C39680D6}"
EndProject
Project("{FAE04EC0-301F-11D3-BF4B-00C04F79EFBC}") = "BiblWorm", "BiblWorm\BiblWorm.csproj", "{5A7A399A-84D4-4F7C-9580-39B0157AF63A}"
EndProject
Project("{FAE04EC0-301F-11D3-BF4B-00C04F79EFBC}") = "RegistrationForm", "RegistrationForm\RegistrationForm.csproj", "{844B4C6A-1F3C-498E-ADA9-C824464165DF}"
EndProject
Global
	GlobalSection(SolutionConfigurationPlatforms) = preSolution
		Debug|Any CPU = Debug|Any CPU
		Release|Any CPU = Release|Any CPU
	EndGlobalSection
	GlobalSection(ProjectConfigurationPlatforms) = postSolution
		{F29DAB93-097D-4553-B0F7-237AC706469C}.Debug|Any CPU.ActiveCfg = Debug|Any CPU
		{F29DAB93-097D-4553-B0F7-237AC706469C}.Debug|Any CPU.Build.0 = Debug|Any CPU
		{F29DAB93-097D-4553-B0F7-237AC706469C}.Release|Any CPU.ActiveCfg = Release|Any CPU
		{F29DAB93-097D-4553-B0F7-237AC706469C}.Release|Any CPU.Build.0 = Release|Any CPU
		{30D97745-32F3-4AE6-8035-2C0D3DE91D97}.Debug|Any CPU.ActiveCfg = Debug|Any CPU
		{30D97745-32F3-4AE6-8035-2C0D3DE91D97}.Debug|Any CPU.Build.0 = Debug|Any CPU
		{30D97745-32F3-4AE6-8035-2C0D3DE91D97}.Release|Any CPU.ActiveCfg = Release|Any CPU
		{30D97745-32F3-4AE6-8035-2C0D3DE91D97}.Release|Any CPU.Build.0 = Release|Any CPU
		{A2036A44-EAA2-4BC3-BD85-33AF03865899}.Debug|Any CPU.ActiveCfg = Debug|Any CPU
		{A2036A44-EAA2-4BC3-BD85-33AF03865899}.Debug|Any CPU.Build.0 = Debug|Any CPU
		{A2036A44-EAA2-4BC3-BD85-33AF03865899}.Release|Any CPU.ActiveCfg = Release|Any CPU
		{A2036A44-EAA2-4BC3-BD85-33AF03865899}.Release|Any CPU.Build.0 = Release|Any CPU
		{21917095-3AD2-4D02-A76E-17D493395516}.Debug|Any CPU.ActiveCfg = Debug|Any CPU
		{21917095-3AD2-4D02-A76E-17D493395516}.Debug|Any CPU.Build.0 = Debug|Any CPU
		{21917095-3AD2-4D02-A76E-17D493395516}.Release|Any CPU.ActiveCfg = Release|Any CPU
		{21917095-3AD2-4D02-A76E-17D493395516}.Release|Any CPU.Build.0 = Release|Any CPU
		{D42879B4-4B13-487B-B0B5-09491E046BED}.Debug|Any CPU.ActiveCfg = Debug|Any CPU
		{D42879B4-4B13-487B-B0B5-09491E046BED}.Debug|Any CPU.Build.0 = Debug|Any CPU
		{D42879B4-4B13-487B-B0B5-09491E046BED}.Release|Any CPU.ActiveCfg = Release|Any CPU
		{D42879B4-4B13-487B-B0B5-09491E046BED}.Release|Any CPU.Build.0 = Release|Any CPU
		{1AA39F38-56DE-406B-989E-541C1C30E552}.Debug|Any CPU.ActiveCfg = Debug|Any CPU
		{1AA39F38-56DE-406B-989E-541C1C30E552}.Debug|Any CPU.Build.0 = Debug|Any CPU
		{1AA39F38-56DE-406B-989E-541C1C30E552}.Release|Any CPU.ActiveCfg = Release|Any CPU
		{1AA39F38-56DE-406B-989E-541C1C30E552}.Release|Any CPU.Build.0 = Release|Any CPU
		{CEB34C3E-0872-4AEC-8DC5-0F56044A88F8}.Debug|Any CPU.ActiveCfg = Debug|Any CPU
		{CEB34C3E-0872-4AEC-8DC5-0F56044A88F8}.Debug|Any CPU.Build.0 = Debug|Any CPU
		{CEB34C3E-0872-4AEC-8DC5-0F56044A88F8}.Release|Any CPU.ActiveCfg = Release|Any CPU
		{CEB34C3E-0872-4AEC-8DC5-0F56044A88F8}.Release|Any CPU.Build.0 = Release|Any CPU
		{455A3E8B-CB4C-4889-A46E-4FB1C39680D6}.Debug|Any CPU.ActiveCfg = Debug|Any CPU
		{455A3E8B-CB4C-4889-A46E-4FB1C39680D6}.Debug|Any CPU.Build.0 = Debug|Any CPU
		{455A3E8B-CB4C-4889-A46E-4FB1C39680D6}.Release|Any CPU.ActiveCfg = Release|Any CPU
		{455A3E8B-CB4C-4889-A46E-4FB1C39680D6}.Release|Any CPU.Build.0 = Release|Any CPU
		{5A7A399A-84D4-4F7C-9580-39B0157AF63A}.Debug|Any CPU.ActiveCfg = Debug|Any CPU
		{5A7A399A-84D4-4F7C-9580-39B0157AF63A}.Debug|Any CPU.Build.0 = Debug|Any CPU
		{5A7A399A-84D4-4F7C-9580-39B0157AF63A}.Release|Any CPU.ActiveCfg = Release|Any CPU
		{5A7A399A-84D4-4F7C-9580-39B0157AF63A}.Release|Any CPU.Build.0 = Release|Any CPU
		{844B4C6A-1F3C-498E-ADA9-C824464165DF}.Debug|Any CPU.ActiveCfg = Debug|Any CPU
		{844B4C6A-1F3C-498E-ADA9-C824464165DF}.Debug|Any CPU.Build.0 = Debug|Any CPU
		{844B4C6A-1F3C-498E-ADA9-C824464165DF}.Release|Any CPU.ActiveCfg = Release|Any CPU
		{844B4C6A-1F3C-498E-ADA9-C824464165DF}.Release|Any CPU.Build.0 = Release|Any CPU
	EndGlobalSection
	GlobalSection(SolutionProperties) = preSolution
		HideSolutionNode = FALSE
	EndGlobalSection
	GlobalSection(ExtensibilityGlobals) = postSolution
		SolutionGuid = {25C76DAA-DD9E-46FB-9659-1DCECC4A8CE9}
	EndGlobalSection
EndGlobal
